
Microsoft Visual Studio Solution File, Format Version 12.00
# Visual Studio Version 16
VisualStudioVersion = 16.0.30907.101
MinimumVisualStudioVersion = 10.0.40219.1
Project("{FAE04EC0-301F-11D3-BF4B-00C04F79EFBC}") = "TestTask", "TestTask\TestTask.csproj", "{660E0B14-44BF-4745-9D08-FF78ACB81EA9}"
EndProject
Global
	GlobalSection(SolutionConfigurationPlatforms) = preSolution
		Debug|Any CPU = Debug|Any CPU
		Release|Any CPU = Release|Any CPU
	EndGlobalSection
	GlobalSection(ProjectConfigurationPlatforms) = postSolution
		{660E0B14-44BF-4745-9D08-FF78ACB81EA9}.Debug|Any CPU.ActiveCfg = Debug|Any CPU
		{660E0B14-44BF-4745-9D08-FF78ACB81EA9}.Debug|Any CPU.Build.0 = Debug|Any CPU
		{660E0B14-44BF-4745-9D08-FF78ACB81EA9}.Release|Any CPU.ActiveCfg = Release|Any CPU
		{660E0B14-44BF-4745-9D08-FF78ACB81EA9}.Release|Any CPU.Build.0 = Release|Any CPU
	EndGlobalSection
	GlobalSection(SolutionProperties) = preSolution
		HideSolutionNode = FALSE
	EndGlobalSection
	GlobalSection(ExtensibilityGlobals) = postSolution
		SolutionGuid = {E09D5419-207C-4074-AA2F-407F6E8E3C57}
	EndGlobalSection
EndGlobal
